// !$*UTF8*$!
{
	archiveVersion = 1;
	classes = {
	};
	objectVersion = 46;
	objects = {

/* Begin PBXBuildFile section */
		D73608D71A55CC2A0028109C /* SRPMoviePlayerController.xib in Resources */ = {isa = PBXBuildFile; fileRef = D73608D61A55CC2A0028109C /* SRPMoviePlayerController.xib */; };
		D7D465511A55D5510036CF4F /* libIJKMediaPlayer.a in Frameworks */ = {isa = PBXBuildFile; fileRef = D73608E91A55D3BC0028109C /* libIJKMediaPlayer.a */; };
		D7D465551A55D5AE0036CF4F /* AudioToolbox.framework in Frameworks */ = {isa = PBXBuildFile; fileRef = D7D465541A55D5AE0036CF4F /* AudioToolbox.framework */; };
		D7D465571A55D5C00036CF4F /* AVFoundation.framework in Frameworks */ = {isa = PBXBuildFile; fileRef = D7D465561A55D5C00036CF4F /* AVFoundation.framework */; };
		D7D465591A55D5D30036CF4F /* MediaPlayer.framework in Frameworks */ = {isa = PBXBuildFile; fileRef = D7D465581A55D5D30036CF4F /* MediaPlayer.framework */; };
		D7D4655B1A55D5FA0036CF4F /* libz.dylib in Frameworks */ = {isa = PBXBuildFile; fileRef = D7D4655A1A55D5FA0036CF4F /* libz.dylib */; };
		D7D4655D1A55D6110036CF4F /* CoreMedia.framework in Frameworks */ = {isa = PBXBuildFile; fileRef = D7D4655C1A55D6110036CF4F /* CoreMedia.framework */; };
		D7D5F02C1A2CBE1000EF8315 /* main.m in Sources */ = {isa = PBXBuildFile; fileRef = D7D5F02B1A2CBE1000EF8315 /* main.m */; };
		D7D5F02F1A2CBE1000EF8315 /* AppDelegate.m in Sources */ = {isa = PBXBuildFile; fileRef = D7D5F02E1A2CBE1000EF8315 /* AppDelegate.m */; };
		D7D5F0321A2CBE1000EF8315 /* ViewController.m in Sources */ = {isa = PBXBuildFile; fileRef = D7D5F0311A2CBE1000EF8315 /* ViewController.m */; };
		D7D5F0351A2CBE1000EF8315 /* Main.storyboard in Resources */ = {isa = PBXBuildFile; fileRef = D7D5F0331A2CBE1000EF8315 /* Main.storyboard */; };
		D7D5F0371A2CBE1000EF8315 /* Images.xcassets in Resources */ = {isa = PBXBuildFile; fileRef = D7D5F0361A2CBE1000EF8315 /* Images.xcassets */; };
		D7D5F03A1A2CBE1000EF8315 /* LaunchScreen.xib in Resources */ = {isa = PBXBuildFile; fileRef = D7D5F0381A2CBE1000EF8315 /* LaunchScreen.xib */; };
		D7D5F0461A2CBE1000EF8315 /* DemoTests.m in Sources */ = {isa = PBXBuildFile; fileRef = D7D5F0451A2CBE1000EF8315 /* DemoTests.m */; };
		D7D5F0681A2CBE6800EF8315 /* SRPMoviePlayerController.m in Sources */ = {isa = PBXBuildFile; fileRef = D7D5F0661A2CBE6800EF8315 /* SRPMoviePlayerController.m */; };
/* End PBXBuildFile section */

/* Begin PBXContainerItemProxy section */
		D73608E81A55D3BC0028109C /* PBXContainerItemProxy */ = {
			isa = PBXContainerItemProxy;
			containerPortal = D73608E41A55D3BC0028109C /* IJKMediaPlayer.xcodeproj */;
			proxyType = 2;
			remoteGlobalIDString = E6903EB917EAF6C500CFD954;
			remoteInfo = IJKMediaPlayer;
		};
		D7D4654E1A55D5330036CF4F /* PBXContainerItemProxy */ = {
			isa = PBXContainerItemProxy;
			containerPortal = D73608E41A55D3BC0028109C /* IJKMediaPlayer.xcodeproj */;
			proxyType = 1;
			remoteGlobalIDString = E6903EB817EAF6C500CFD954;
			remoteInfo = IJKMediaPlayer;
		};
		D7D5F0401A2CBE1000EF8315 /* PBXContainerItemProxy */ = {
			isa = PBXContainerItemProxy;
			containerPortal = D7D5F01E1A2CBE1000EF8315 /* Project object */;
			proxyType = 1;
			remoteGlobalIDString = D7D5F0251A2CBE1000EF8315;
			remoteInfo = Demo;
		};
/* End PBXContainerItemProxy section */

/* Begin PBXFileReference section */
		D73608D61A55CC2A0028109C /* SRPMoviePlayerController.xib */ = {isa = PBXFileReference; fileEncoding = 4; lastKnownFileType = file.xib; path = SRPMoviePlayerController.xib; sourceTree = "<group>"; };
		D73608E41A55D3BC0028109C /* IJKMediaPlayer.xcodeproj */ = {isa = PBXFileReference; lastKnownFileType = "wrapper.pb-project"; name = IJKMediaPlayer.xcodeproj; path = "../../../OpenSource/ijkplayer-ios/ios/IJKMediaPlayer/IJKMediaPlayer.xcodeproj"; sourceTree = "<group>"; };
		D7D465541A55D5AE0036CF4F /* AudioToolbox.framework */ = {isa = PBXFileReference; lastKnownFileType = wrapper.framework; name = AudioToolbox.framework; path = System/Library/Frameworks/AudioToolbox.framework; sourceTree = SDKROOT; };
		D7D465561A55D5C00036CF4F /* AVFoundation.framework */ = {isa = PBXFileReference; lastKnownFileType = wrapper.framework; name = AVFoundation.framework; path = System/Library/Frameworks/AVFoundation.framework; sourceTree = SDKROOT; };
		D7D465581A55D5D30036CF4F /* MediaPlayer.framework */ = {isa = PBXFileReference; lastKnownFileType = wrapper.framework; name = MediaPlayer.framework; path = System/Library/Frameworks/MediaPlayer.framework; sourceTree = SDKROOT; };
		D7D4655A1A55D5FA0036CF4F /* libz.dylib */ = {isa = PBXFileReference; lastKnownFileType = "compiled.mach-o.dylib"; name = libz.dylib; path = usr/lib/libz.dylib; sourceTree = SDKROOT; };
		D7D4655C1A55D6110036CF4F /* CoreMedia.framework */ = {isa = PBXFileReference; lastKnownFileType = wrapper.framework; name = CoreMedia.framework; path = System/Library/Frameworks/CoreMedia.framework; sourceTree = SDKROOT; };
		D7D5F0261A2CBE1000EF8315 /* Demo.app */ = {isa = PBXFileReference; explicitFileType = wrapper.application; includeInIndex = 0; path = Demo.app; sourceTree = BUILT_PRODUCTS_DIR; };
		D7D5F02A1A2CBE1000EF8315 /* Info.plist */ = {isa = PBXFileReference; lastKnownFileType = text.plist.xml; path = Info.plist; sourceTree = "<group>"; };
		D7D5F02B1A2CBE1000EF8315 /* main.m */ = {isa = PBXFileReference; lastKnownFileType = sourcecode.c.objc; path = main.m; sourceTree = "<group>"; };
		D7D5F02D1A2CBE1000EF8315 /* AppDelegate.h */ = {isa = PBXFileReference; lastKnownFileType = sourcecode.c.h; path = AppDelegate.h; sourceTree = "<group>"; };
		D7D5F02E1A2CBE1000EF8315 /* AppDelegate.m */ = {isa = PBXFileReference; lastKnownFileType = sourcecode.c.objc; path = AppDelegate.m; sourceTree = "<group>"; };
		D7D5F0301A2CBE1000EF8315 /* ViewController.h */ = {isa = PBXFileReference; lastKnownFileType = sourcecode.c.h; path = ViewController.h; sourceTree = "<group>"; };
		D7D5F0311A2CBE1000EF8315 /* ViewController.m */ = {isa = PBXFileReference; lastKnownFileType = sourcecode.c.objc; path = ViewController.m; sourceTree = "<group>"; };
		D7D5F0341A2CBE1000EF8315 /* Base */ = {isa = PBXFileReference; lastKnownFileType = file.storyboard; name = Base; path = Base.lproj/Main.storyboard; sourceTree = "<group>"; };
		D7D5F0361A2CBE1000EF8315 /* Images.xcassets */ = {isa = PBXFileReference; lastKnownFileType = folder.assetcatalog; path = Images.xcassets; sourceTree = "<group>"; };
		D7D5F0391A2CBE1000EF8315 /* Base */ = {isa = PBXFileReference; lastKnownFileType = file.xib; name = Base; path = Base.lproj/LaunchScreen.xib; sourceTree = "<group>"; };
		D7D5F03F1A2CBE1000EF8315 /* DemoTests.xctest */ = {isa = PBXFileReference; explicitFileType = wrapper.cfbundle; includeInIndex = 0; path = DemoTests.xctest; sourceTree = BUILT_PRODUCTS_DIR; };
		D7D5F0441A2CBE1000EF8315 /* Info.plist */ = {isa = PBXFileReference; lastKnownFileType = text.plist.xml; path = Info.plist; sourceTree = "<group>"; };
		D7D5F0451A2CBE1000EF8315 /* DemoTests.m */ = {isa = PBXFileReference; lastKnownFileType = sourcecode.c.objc; path = DemoTests.m; sourceTree = "<group>"; };
		D7D5F0651A2CBE6800EF8315 /* SRPMoviePlayerController.h */ = {isa = PBXFileReference; fileEncoding = 4; lastKnownFileType = sourcecode.c.h; path = SRPMoviePlayerController.h; sourceTree = "<group>"; };
		D7D5F0661A2CBE6800EF8315 /* SRPMoviePlayerController.m */ = {isa = PBXFileReference; fileEncoding = 4; lastKnownFileType = sourcecode.c.objc; path = SRPMoviePlayerController.m; sourceTree = "<group>"; };
/* End PBXFileReference section */

/* Begin PBXFrameworksBuildPhase section */
		D7D5F0231A2CBE1000EF8315 /* Frameworks */ = {
			isa = PBXFrameworksBuildPhase;
			buildActionMask = 2147483647;
			files = (
				D7D4655D1A55D6110036CF4F /* CoreMedia.framework in Frameworks */,
				D7D4655B1A55D5FA0036CF4F /* libz.dylib in Frameworks */,
				D7D465591A55D5D30036CF4F /* MediaPlayer.framework in Frameworks */,
				D7D465571A55D5C00036CF4F /* AVFoundation.framework in Frameworks */,
				D7D465551A55D5AE0036CF4F /* AudioToolbox.framework in Frameworks */,
				D7D465511A55D5510036CF4F /* libIJKMediaPlayer.a in Frameworks */,
			);
			runOnlyForDeploymentPostprocessing = 0;
		};
		D7D5F03C1A2CBE1000EF8315 /* Frameworks */ = {
			isa = PBXFrameworksBuildPhase;
			buildActionMask = 2147483647;
			files = (
			);
			runOnlyForDeploymentPostprocessing = 0;
		};
/* End PBXFrameworksBuildPhase section */

/* Begin PBXGroup section */
		D73608E51A55D3BC0028109C /* Products */ = {
			isa = PBXGroup;
			children = (
				D73608E91A55D3BC0028109C /* libIJKMediaPlayer.a */,
			);
			name = Products;
			sourceTree = "<group>";
		};
		D7D465521A55D56D0036CF4F /* Frameworks */ = {
			isa = PBXGroup;
			children = (
				D7D4655C1A55D6110036CF4F /* CoreMedia.framework */,
				D7D4655A1A55D5FA0036CF4F /* libz.dylib */,
				D7D465581A55D5D30036CF4F /* MediaPlayer.framework */,
				D7D465561A55D5C00036CF4F /* AVFoundation.framework */,
				D7D465541A55D5AE0036CF4F /* AudioToolbox.framework */,
			);
			name = Frameworks;
			sourceTree = "<group>";
		};
		D7D5F01D1A2CBE1000EF8315 = {
			isa = PBXGroup;
			children = (
				D73608E41A55D3BC0028109C /* IJKMediaPlayer.xcodeproj */,
				D7D5F0281A2CBE1000EF8315 /* Demo */,
				D7D5F0421A2CBE1000EF8315 /* DemoTests */,
				D7D465521A55D56D0036CF4F /* Frameworks */,
				D7D5F0271A2CBE1000EF8315 /* Products */,
				D7D5F04F1A2CBE2800EF8315 /* SRPMoviePlayerController */,
			);
			sourceTree = "<group>";
		};
		D7D5F0271A2CBE1000EF8315 /* Products */ = {
			isa = PBXGroup;
			children = (
				D7D5F0261A2CBE1000EF8315 /* Demo.app */,
				D7D5F03F1A2CBE1000EF8315 /* DemoTests.xctest */,
			);
			name = Products;
			sourceTree = "<group>";
		};
		D7D5F0281A2CBE1000EF8315 /* Demo */ = {
			isa = PBXGroup;
			children = (
				D7D5F02D1A2CBE1000EF8315 /* AppDelegate.h */,
				D7D5F02E1A2CBE1000EF8315 /* AppDelegate.m */,
				D7D5F0301A2CBE1000EF8315 /* ViewController.h */,
				D7D5F0311A2CBE1000EF8315 /* ViewController.m */,
				D7D5F0331A2CBE1000EF8315 /* Main.storyboard */,
				D7D5F0361A2CBE1000EF8315 /* Images.xcassets */,
				D7D5F0381A2CBE1000EF8315 /* LaunchScreen.xib */,
				D7D5F0291A2CBE1000EF8315 /* Supporting Files */,
			);
			path = Demo;
			sourceTree = "<group>";
		};
		D7D5F0291A2CBE1000EF8315 /* Supporting Files */ = {
			isa = PBXGroup;
			children = (
				D7D5F02A1A2CBE1000EF8315 /* Info.plist */,
				D7D5F02B1A2CBE1000EF8315 /* main.m */,
			);
			name = "Supporting Files";
			sourceTree = "<group>";
		};
		D7D5F0421A2CBE1000EF8315 /* DemoTests */ = {
			isa = PBXGroup;
			children = (
				D7D5F0451A2CBE1000EF8315 /* DemoTests.m */,
				D7D5F0431A2CBE1000EF8315 /* Supporting Files */,
			);
			path = DemoTests;
			sourceTree = "<group>";
		};
		D7D5F0431A2CBE1000EF8315 /* Supporting Files */ = {
			isa = PBXGroup;
			children = (
				D7D5F0441A2CBE1000EF8315 /* Info.plist */,
			);
			name = "Supporting Files";
			sourceTree = "<group>";
		};
		D7D5F04F1A2CBE2800EF8315 /* SRPMoviePlayerController */ = {
			isa = PBXGroup;
			children = (
				D7D5F0651A2CBE6800EF8315 /* SRPMoviePlayerController.h */,
				D7D5F0661A2CBE6800EF8315 /* SRPMoviePlayerController.m */,
				D73608D61A55CC2A0028109C /* SRPMoviePlayerController.xib */,
			);
			name = SRPMoviePlayerController;
			path = ../SRPMoviePlayerController;
			sourceTree = "<group>";
		};
/* End PBXGroup section */

/* Begin PBXNativeTarget section */
		D7D5F0251A2CBE1000EF8315 /* Demo */ = {
			isa = PBXNativeTarget;
			buildConfigurationList = D7D5F0491A2CBE1000EF8315 /* Build configuration list for PBXNativeTarget "Demo" */;
			buildPhases = (
				D7D5F0221A2CBE1000EF8315 /* Sources */,
				D7D5F0231A2CBE1000EF8315 /* Frameworks */,
				D7D5F0241A2CBE1000EF8315 /* Resources */,
			);
			buildRules = (
			);
			dependencies = (
				D7D4654F1A55D5330036CF4F /* PBXTargetDependency */,
			);
			name = Demo;
			productName = Demo;
			productReference = D7D5F0261A2CBE1000EF8315 /* Demo.app */;
			productType = "com.apple.product-type.application";
		};
		D7D5F03E1A2CBE1000EF8315 /* DemoTests */ = {
			isa = PBXNativeTarget;
			buildConfigurationList = D7D5F04C1A2CBE1000EF8315 /* Build configuration list for PBXNativeTarget "DemoTests" */;
			buildPhases = (
				D7D5F03B1A2CBE1000EF8315 /* Sources */,
				D7D5F03C1A2CBE1000EF8315 /* Frameworks */,
				D7D5F03D1A2CBE1000EF8315 /* Resources */,
			);
			buildRules = (
			);
			dependencies = (
				D7D5F0411A2CBE1000EF8315 /* PBXTargetDependency */,
			);
			name = DemoTests;
			productName = DemoTests;
			productReference = D7D5F03F1A2CBE1000EF8315 /* DemoTests.xctest */;
			productType = "com.apple.product-type.bundle.unit-test";
		};
/* End PBXNativeTarget section */

/* Begin PBXProject section */
		D7D5F01E1A2CBE1000EF8315 /* Project object */ = {
			isa = PBXProject;
			attributes = {
				LastUpgradeCheck = 0610;
				ORGANIZATIONNAME = "Shinren Pan";
				TargetAttributes = {
					D7D5F0251A2CBE1000EF8315 = {
						CreatedOnToolsVersion = 6.1;
					};
					D7D5F03E1A2CBE1000EF8315 = {
						CreatedOnToolsVersion = 6.1;
						TestTargetID = D7D5F0251A2CBE1000EF8315;
					};
				};
			};
			buildConfigurationList = D7D5F0211A2CBE1000EF8315 /* Build configuration list for PBXProject "Demo" */;
			compatibilityVersion = "Xcode 3.2";
			developmentRegion = English;
			hasScannedForEncodings = 0;
			knownRegions = (
				en,
				Base,
			);
			mainGroup = D7D5F01D1A2CBE1000EF8315;
			productRefGroup = D7D5F0271A2CBE1000EF8315 /* Products */;
			projectDirPath = "";
			projectReferences = (
				{
					ProductGroup = D73608E51A55D3BC0028109C /* Products */;
					ProjectRef = D73608E41A55D3BC0028109C /* IJKMediaPlayer.xcodeproj */;
				},
			);
			projectRoot = "";
			targets = (
				D7D5F0251A2CBE1000EF8315 /* Demo */,
				D7D5F03E1A2CBE1000EF8315 /* DemoTests */,
			);
		};
/* End PBXProject section */

/* Begin PBXReferenceProxy section */
		D73608E91A55D3BC0028109C /* libIJKMediaPlayer.a */ = {
			isa = PBXReferenceProxy;
			fileType = archive.ar;
			path = libIJKMediaPlayer.a;
			remoteRef = D73608E81A55D3BC0028109C /* PBXContainerItemProxy */;
			sourceTree = BUILT_PRODUCTS_DIR;
		};
/* End PBXReferenceProxy section */

/* Begin PBXResourcesBuildPhase section */
		D7D5F0241A2CBE1000EF8315 /* Resources */ = {
			isa = PBXResourcesBuildPhase;
			buildActionMask = 2147483647;
			files = (
				D7D5F0351A2CBE1000EF8315 /* Main.storyboard in Resources */,
				D7D5F03A1A2CBE1000EF8315 /* LaunchScreen.xib in Resources */,
				D7D5F0371A2CBE1000EF8315 /* Images.xcassets in Resources */,
				D73608D71A55CC2A0028109C /* SRPMoviePlayerController.xib in Resources */,
			);
			runOnlyForDeploymentPostprocessing = 0;
		};
		D7D5F03D1A2CBE1000EF8315 /* Resources */ = {
			isa = PBXResourcesBuildPhase;
			buildActionMask = 2147483647;
			files = (
			);
			runOnlyForDeploymentPostprocessing = 0;
		};
/* End PBXResourcesBuildPhase section */

/* Begin PBXSourcesBuildPhase section */
		D7D5F0221A2CBE1000EF8315 /* Sources */ = {
			isa = PBXSourcesBuildPhase;
			buildActionMask = 2147483647;
			files = (
				D7D5F0321A2CBE1000EF8315 /* ViewController.m in Sources */,
				D7D5F02F1A2CBE1000EF8315 /* AppDelegate.m in Sources */,
				D7D5F02C1A2CBE1000EF8315 /* main.m in Sources */,
				D7D5F0681A2CBE6800EF8315 /* SRPMoviePlayerController.m in Sources */,
			);
			runOnlyForDeploymentPostprocessing = 0;
		};
		D7D5F03B1A2CBE1000EF8315 /* Sources */ = {
			isa = PBXSourcesBuildPhase;
			buildActionMask = 2147483647;
			files = (
				D7D5F0461A2CBE1000EF8315 /* DemoTests.m in Sources */,
			);
			runOnlyForDeploymentPostprocessing = 0;
		};
/* End PBXSourcesBuildPhase section */

/* Begin PBXTargetDependency section */
		D7D4654F1A55D5330036CF4F /* PBXTargetDependency */ = {
			isa = PBXTargetDependency;
			name = IJKMediaPlayer;
			targetProxy = D7D4654E1A55D5330036CF4F /* PBXContainerItemProxy */;
		};
		D7D5F0411A2CBE1000EF8315 /* PBXTargetDependency */ = {
			isa = PBXTargetDependency;
			target = D7D5F0251A2CBE1000EF8315 /* Demo */;
			targetProxy = D7D5F0401A2CBE1000EF8315 /* PBXContainerItemProxy */;
		};
/* End PBXTargetDependency section */

/* Begin PBXVariantGroup section */
		D7D5F0331A2CBE1000EF8315 /* Main.storyboard */ = {
			isa = PBXVariantGroup;
			children = (
				D7D5F0341A2CBE1000EF8315 /* Base */,
			);
			name = Main.storyboard;
			sourceTree = "<group>";
		};
		D7D5F0381A2CBE1000EF8315 /* LaunchScreen.xib */ = {
			isa = PBXVariantGroup;
			children = (
				D7D5F0391A2CBE1000EF8315 /* Base */,
			);
			name = LaunchScreen.xib;
			sourceTree = "<group>";
		};
/* End PBXVariantGroup section */

/* Begin XCBuildConfiguration section */
		D7D5F0471A2CBE1000EF8315 /* Debug */ = {
			isa = XCBuildConfiguration;
			buildSettings = {
				ALWAYS_SEARCH_USER_PATHS = NO;
				CLANG_CXX_LANGUAGE_STANDARD = "gnu++0x";
				CLANG_CXX_LIBRARY = "libc++";
				CLANG_ENABLE_MODULES = YES;
				CLANG_ENABLE_OBJC_ARC = YES;
				CLANG_WARN_BOOL_CONVERSION = YES;
				CLANG_WARN_CONSTANT_CONVERSION = YES;
				CLANG_WARN_DIRECT_OBJC_ISA_USAGE = YES_ERROR;
				CLANG_WARN_EMPTY_BODY = YES;
				CLANG_WARN_ENUM_CONVERSION = YES;
				CLANG_WARN_INT_CONVERSION = YES;
				CLANG_WARN_OBJC_ROOT_CLASS = YES_ERROR;
				CLANG_WARN_UNREACHABLE_CODE = YES;
				CLANG_WARN__DUPLICATE_METHOD_MATCH = YES;
				"CODE_SIGN_IDENTITY[sdk=iphoneos*]" = "iPhone Developer";
				COPY_PHASE_STRIP = NO;
				ENABLE_STRICT_OBJC_MSGSEND = YES;
				GCC_C_LANGUAGE_STANDARD = gnu99;
				GCC_DYNAMIC_NO_PIC = NO;
				GCC_OPTIMIZATION_LEVEL = 0;
				GCC_PREPROCESSOR_DEFINITIONS = (
					"DEBUG=1",
					"$(inherited)",
				);
				GCC_SYMBOLS_PRIVATE_EXTERN = NO;
				GCC_WARN_64_TO_32_BIT_CONVERSION = YES;
				GCC_WARN_ABOUT_RETURN_TYPE = YES_ERROR;
				GCC_WARN_UNDECLARED_SELECTOR = YES;
				GCC_WARN_UNINITIALIZED_AUTOS = YES_AGGRESSIVE;
				GCC_WARN_UNUSED_FUNCTION = YES;
				GCC_WARN_UNUSED_VARIABLE = YES;
				IPHONEOS_DEPLOYMENT_TARGET = 8.1;
				MTL_ENABLE_DEBUG_INFO = YES;
				ONLY_ACTIVE_ARCH = YES;
				SDKROOT = iphoneos;
			};
			name = Debug;
		};
		D7D5F0481A2CBE1000EF8315 /* Release */ = {
			isa = XCBuildConfiguration;
			buildSettings = {
				ALWAYS_SEARCH_USER_PATHS = NO;
				CLANG_CXX_LANGUAGE_STANDARD = "gnu++0x";
				CLANG_CXX_LIBRARY = "libc++";
				CLANG_ENABLE_MODULES = YES;
				CLANG_ENABLE_OBJC_ARC = YES;
				CLANG_WARN_BOOL_CONVERSION = YES;
				CLANG_WARN_CONSTANT_CONVERSION = YES;
				CLANG_WARN_DIRECT_OBJC_ISA_USAGE = YES_ERROR;
				CLANG_WARN_EMPTY_BODY = YES;
				CLANG_WARN_ENUM_CONVERSION = YES;
				CLANG_WARN_INT_CONVERSION = YES;
				CLANG_WARN_OBJC_ROOT_CLASS = YES_ERROR;
				CLANG_WARN_UNREACHABLE_CODE = YES;
				CLANG_WARN__DUPLICATE_METHOD_MATCH = YES;
				"CODE_SIGN_IDENTITY[sdk=iphoneos*]" = "iPhone Developer";
				COPY_PHASE_STRIP = YES;
				ENABLE_NS_ASSERTIONS = NO;
				ENABLE_STRICT_OBJC_MSGSEND = YES;
				GCC_C_LANGUAGE_STANDARD = gnu99;
				GCC_WARN_64_TO_32_BIT_CONVERSION = YES;
				GCC_WARN_ABOUT_RETURN_TYPE = YES_ERROR;
				GCC_WARN_UNDECLARED_SELECTOR = YES;
				GCC_WARN_UNINITIALIZED_AUTOS = YES_AGGRESSIVE;
				GCC_WARN_UNUSED_FUNCTION = YES;
				GCC_WARN_UNUSED_VARIABLE = YES;
				IPHONEOS_DEPLOYMENT_TARGET = 8.1;
				MTL_ENABLE_DEBUG_INFO = NO;
				SDKROOT = iphoneos;
				VALIDATE_PRODUCT = YES;
			};
			name = Release;
		};
		D7D5F04A1A2CBE1000EF8315 /* Debug */ = {
			isa = XCBuildConfiguration;
			buildSettings = {
				ASSETCATALOG_COMPILER_APPICON_NAME = AppIcon;
				INFOPLIST_FILE = Demo/Info.plist;
				LD_RUNPATH_SEARCH_PATHS = "$(inherited) @executable_path/Frameworks";
				LIBRARY_SEARCH_PATHS = (
					"$(inherited)",
					/Users/shinrenpan/Documents/OpenSource/Vitamio,
				);
				OTHER_LDFLAGS = "-ObjC";
				PRODUCT_NAME = "$(TARGET_NAME)";
				TARGETED_DEVICE_FAMILY = "1,2";
			};
			name = Debug;
		};
		D7D5F04B1A2CBE1000EF8315 /* Release */ = {
			isa = XCBuildConfiguration;
			buildSettings = {
				ASSETCATALOG_COMPILER_APPICON_NAME = AppIcon;
				INFOPLIST_FILE = Demo/Info.plist;
				LD_RUNPATH_SEARCH_PATHS = "$(inherited) @executable_path/Frameworks";
				LIBRARY_SEARCH_PATHS = (
					"$(inherited)",
					/Users/shinrenpan/Documents/OpenSource/Vitamio,
				);
				OTHER_LDFLAGS = "-ObjC";
				PRODUCT_NAME = "$(TARGET_NAME)";
				TARGETED_DEVICE_FAMILY = "1,2";
			};
			name = Release;
		};
		D7D5F04D1A2CBE1000EF8315 /* Debug */ = {
			isa = XCBuildConfiguration;
			buildSettings = {
				BUNDLE_LOADER = "$(TEST_HOST)";
				FRAMEWORK_SEARCH_PATHS = (
					"$(SDKROOT)/Developer/Library/Frameworks",
					"$(inherited)",
				);
				GCC_PREPROCESSOR_DEFINITIONS = (
					"DEBUG=1",
					"$(inherited)",
				);
				INFOPLIST_FILE = DemoTests/Info.plist;
				LD_RUNPATH_SEARCH_PATHS = "$(inherited) @executable_path/Frameworks @loader_path/Frameworks";
				PRODUCT_NAME = "$(TARGET_NAME)";
				TEST_HOST = "$(BUILT_PRODUCTS_DIR)/Demo.app/Demo";
			};
			name = Debug;
		};
		D7D5F04E1A2CBE1000EF8315 /* Release */ = {
			isa = XCBuildConfiguration;
			buildSettings = {
				BUNDLE_LOADER = "$(TEST_HOST)";
				FRAMEWORK_SEARCH_PATHS = (
					"$(SDKROOT)/Developer/Library/Frameworks",
					"$(inherited)",
				);
				INFOPLIST_FILE = DemoTests/Info.plist;
				LD_RUNPATH_SEARCH_PATHS = "$(inherited) @executable_path/Frameworks @loader_path/Frameworks";
				PRODUCT_NAME = "$(TARGET_NAME)";
				TEST_HOST = "$(BUILT_PRODUCTS_DIR)/Demo.app/Demo";
			};
			name = Release;
		};
/* End XCBuildConfiguration section */

/* Begin XCConfigurationList section */
		D7D5F0211A2CBE1000EF8315 /* Build configuration list for PBXProject "Demo" */ = {
			isa = XCConfigurationList;
			buildConfigurations = (
				D7D5F0471A2CBE1000EF8315 /* Debug */,
				D7D5F0481A2CBE1000EF8315 /* Release */,
			);
			defaultConfigurationIsVisible = 0;
			defaultConfigurationName = Release;
		};
		D7D5F0491A2CBE1000EF8315 /* Build configuration list for PBXNativeTarget "Demo" */ = {
			isa = XCConfigurationList;
			buildConfigurations = (
				D7D5F04A1A2CBE1000EF8315 /* Debug */,
				D7D5F04B1A2CBE1000EF8315 /* Release */,
			);
			defaultConfigurationIsVisible = 0;
			defaultConfigurationName = Release;
		};
		D7D5F04C1A2CBE1000EF8315 /* Build configuration list for PBXNativeTarget "DemoTests" */ = {
			isa = XCConfigurationList;
			buildConfigurations = (
				D7D5F04D1A2CBE1000EF8315 /* Debug */,
				D7D5F04E1A2CBE1000EF8315 /* Release */,
			);
			defaultConfigurationIsVisible = 0;
			defaultConfigurationName = Release;
		};
/* End XCConfigurationList section */
	};
	rootObject = D7D5F01E1A2CBE1000EF8315 /* Project object */;
}
